
Microsoft Visual Studio Solution File, Format Version 12.00
# Visual Studio Version 17
VisualStudioVersion = 17.11.35327.3
MinimumVisualStudioVersion = 10.0.40219.1
Project("{9A19103F-16F7-4668-BE54-9A1E7A4F7556}") = "Real-Estate-Business-API", "Real-Estate-Business-API\Real-Estate-Business-API.csproj", "{97511834-A8BC-4184-A117-102346A76205}"
EndProject
Project("{E53339B2-1760-4266-BCC7-CA923CBCF16C}") = "docker-compose", "docker-compose.dcproj", "{D35B30FB-0BB7-49C7-BC4A-F16A38DC4DB6}"
EndProject
Global
	GlobalSection(SolutionConfigurationPlatforms) = preSolution
		Debug|Any CPU = Debug|Any CPU
		Release|Any CPU = Release|Any CPU
	EndGlobalSection
	GlobalSection(ProjectConfigurationPlatforms) = postSolution
		{97511834-A8BC-4184-A117-102346A76205}.Debug|Any CPU.ActiveCfg = Debug|Any CPU
		{97511834-A8BC-4184-A117-102346A76205}.Debug|Any CPU.Build.0 = Debug|Any CPU
		{97511834-A8BC-4184-A117-102346A76205}.Release|Any CPU.ActiveCfg = Release|Any CPU
		{97511834-A8BC-4184-A117-102346A76205}.Release|Any CPU.Build.0 = Release|Any CPU
		{D35B30FB-0BB7-49C7-BC4A-F16A38DC4DB6}.Debug|Any CPU.ActiveCfg = Debug|Any CPU
		{D35B30FB-0BB7-49C7-BC4A-F16A38DC4DB6}.Debug|Any CPU.Build.0 = Debug|Any CPU
		{D35B30FB-0BB7-49C7-BC4A-F16A38DC4DB6}.Release|Any CPU.ActiveCfg = Release|Any CPU
		{D35B30FB-0BB7-49C7-BC4A-F16A38DC4DB6}.Release|Any CPU.Build.0 = Release|Any CPU
	EndGlobalSection
	GlobalSection(SolutionProperties) = preSolution
		HideSolutionNode = FALSE
	EndGlobalSection
	GlobalSection(ExtensibilityGlobals) = postSolution
		SolutionGuid = {A0381324-B5FF-4D84-A7E1-EFB45194FF2F}
	EndGlobalSection
EndGlobal
